
Microsoft Visual Studio Solution File, Format Version 12.00
# Visual Studio Version 16
VisualStudioVersion = 16.0.28803.352
MinimumVisualStudioVersion = 10.0.40219.1
Project("{FAE04EC0-301F-11D3-BF4B-00C04F79EFBC}") = "ClassLibrary", "ClassLibrary\ClassLibrary.csproj", "{1681D7B8-35D7-4DE2-B8AA-AA63E8F97976}"
EndProject
Project("{FAE04EC0-301F-11D3-BF4B-00C04F79EFBC}") = "UnitTestProject1", "UnitTestProject1\UnitTestProject1.csproj", "{46ECD03C-4474-4034-A9BF-98CCE75362C5}"
EndProject
Project("{FAE04EC0-301F-11D3-BF4B-00C04F79EFBC}") = "UnitTestProject2", "UnitTestProject2\UnitTestProject2.csproj", "{EAEA725D-5735-4FBA-A4A7-60473A46BB8C}"
EndProject
Project("{FAE04EC0-301F-11D3-BF4B-00C04F79EFBC}") = "UnitTestProject3", "UnitTestProject3\UnitTestProject3.csproj", "{74A3A417-9703-4965-B3D1-541935704CB3}"
EndProject
Project("{FAE04EC0-301F-11D3-BF4B-00C04F79EFBC}") = "UnitTestProject4", "UnitTestProject4\UnitTestProject4.csproj", "{CE6D9256-4A2F-4AA1-8636-B895DA5C567B}"
EndProject
Project("{FAE04EC0-301F-11D3-BF4B-00C04F79EFBC}") = "UnitTestProject5", "UnitTestProject5\UnitTestProject5.csproj", "{32B8C3A3-02F2-43E1-B634-3E9F987BF703}"
EndProject
Project("{FAE04EC0-301F-11D3-BF4B-00C04F79EFBC}") = "UnitTestProject6", "UnitTestProject6\UnitTestProject6.csproj", "{B98F4244-FBF6-4DDE-B097-180BF1DC45BF}"
EndProject
Project("{9A19103F-16F7-4668-BE54-9A1E7A4F7556}") = "ClassLibraryMocking1", "ClassLibraryMocking1\ClassLibraryMocking1.csproj", "{26585D16-BD4C-4E89-A0C3-416AA63E7A54}"
EndProject
Project("{FAE04EC0-301F-11D3-BF4B-00C04F79EFBC}") = "UnitTestProjectMocking1", "UnitTestProjectMocking1\UnitTestProjectMocking1.csproj", "{FFA03E2C-2F06-4DA0-9F8C-275DD7A3992F}"
EndProject
Project("{FAE04EC0-301F-11D3-BF4B-00C04F79EFBC}") = "ClassLibraryMoq1", "ClassLibraryMoq1\ClassLibraryMoq1.csproj", "{7F530768-338C-4450-888F-39D4B43633CF}"
EndProject
Project("{FAE04EC0-301F-11D3-BF4B-00C04F79EFBC}") = "UnitTestProjectMoq1", "UnitTestProjectMoq1\UnitTestProjectMoq1.csproj", "{A734CADF-E4AE-4AC9-9CFC-9E8C694BCFA3}"
EndProject
Project("{FAE04EC0-301F-11D3-BF4B-00C04F79EFBC}") = "UnitTestProjectMoq2", "UnitTestProjectMoq2\UnitTestProjectMoq2.csproj", "{29B53BD1-7B67-470F-86C9-64A813318FD0}"
EndProject
Project("{FAE04EC0-301F-11D3-BF4B-00C04F79EFBC}") = "ClassLibraryMoq2", "ClassLibraryMoq2\ClassLibraryMoq2.csproj", "{BDA510A7-D675-48DA-A8F3-7AF4C28C1FA4}"
EndProject
Global
	GlobalSection(SolutionConfigurationPlatforms) = preSolution
		Debug|Any CPU = Debug|Any CPU
		Release|Any CPU = Release|Any CPU
	EndGlobalSection
	GlobalSection(ProjectConfigurationPlatforms) = postSolution
		{1681D7B8-35D7-4DE2-B8AA-AA63E8F97976}.Debug|Any CPU.ActiveCfg = Debug|Any CPU
		{1681D7B8-35D7-4DE2-B8AA-AA63E8F97976}.Debug|Any CPU.Build.0 = Debug|Any CPU
		{1681D7B8-35D7-4DE2-B8AA-AA63E8F97976}.Release|Any CPU.ActiveCfg = Release|Any CPU
		{1681D7B8-35D7-4DE2-B8AA-AA63E8F97976}.Release|Any CPU.Build.0 = Release|Any CPU
		{46ECD03C-4474-4034-A9BF-98CCE75362C5}.Debug|Any CPU.ActiveCfg = Debug|Any CPU
		{46ECD03C-4474-4034-A9BF-98CCE75362C5}.Debug|Any CPU.Build.0 = Debug|Any CPU
		{46ECD03C-4474-4034-A9BF-98CCE75362C5}.Release|Any CPU.ActiveCfg = Release|Any CPU
		{46ECD03C-4474-4034-A9BF-98CCE75362C5}.Release|Any CPU.Build.0 = Release|Any CPU
		{EAEA725D-5735-4FBA-A4A7-60473A46BB8C}.Debug|Any CPU.ActiveCfg = Debug|Any CPU
		{EAEA725D-5735-4FBA-A4A7-60473A46BB8C}.Debug|Any CPU.Build.0 = Debug|Any CPU
		{EAEA725D-5735-4FBA-A4A7-60473A46BB8C}.Release|Any CPU.ActiveCfg = Release|Any CPU
		{EAEA725D-5735-4FBA-A4A7-60473A46BB8C}.Release|Any CPU.Build.0 = Release|Any CPU
		{74A3A417-9703-4965-B3D1-541935704CB3}.Debug|Any CPU.ActiveCfg = Debug|Any CPU
		{74A3A417-9703-4965-B3D1-541935704CB3}.Debug|Any CPU.Build.0 = Debug|Any CPU
		{74A3A417-9703-4965-B3D1-541935704CB3}.Release|Any CPU.ActiveCfg = Release|Any CPU
		{74A3A417-9703-4965-B3D1-541935704CB3}.Release|Any CPU.Build.0 = Release|Any CPU
		{CE6D9256-4A2F-4AA1-8636-B895DA5C567B}.Debug|Any CPU.ActiveCfg = Debug|Any CPU
		{CE6D9256-4A2F-4AA1-8636-B895DA5C567B}.Debug|Any CPU.Build.0 = Debug|Any CPU
		{CE6D9256-4A2F-4AA1-8636-B895DA5C567B}.Release|Any CPU.ActiveCfg = Release|Any CPU
		{CE6D9256-4A2F-4AA1-8636-B895DA5C567B}.Release|Any CPU.Build.0 = Release|Any CPU
		{32B8C3A3-02F2-43E1-B634-3E9F987BF703}.Debug|Any CPU.ActiveCfg = Debug|Any CPU
		{32B8C3A3-02F2-43E1-B634-3E9F987BF703}.Debug|Any CPU.Build.0 = Debug|Any CPU
		{32B8C3A3-02F2-43E1-B634-3E9F987BF703}.Release|Any CPU.ActiveCfg = Release|Any CPU
		{32B8C3A3-02F2-43E1-B634-3E9F987BF703}.Release|Any CPU.Build.0 = Release|Any CPU
		{B98F4244-FBF6-4DDE-B097-180BF1DC45BF}.Debug|Any CPU.ActiveCfg = Debug|Any CPU
		{B98F4244-FBF6-4DDE-B097-180BF1DC45BF}.Debug|Any CPU.Build.0 = Debug|Any CPU
		{B98F4244-FBF6-4DDE-B097-180BF1DC45BF}.Release|Any CPU.ActiveCfg = Release|Any CPU
		{B98F4244-FBF6-4DDE-B097-180BF1DC45BF}.Release|Any CPU.Build.0 = Release|Any CPU
		{26585D16-BD4C-4E89-A0C3-416AA63E7A54}.Debug|Any CPU.ActiveCfg = Debug|Any CPU
		{26585D16-BD4C-4E89-A0C3-416AA63E7A54}.Debug|Any CPU.Build.0 = Debug|Any CPU
		{26585D16-BD4C-4E89-A0C3-416AA63E7A54}.Release|Any CPU.ActiveCfg = Release|Any CPU
		{26585D16-BD4C-4E89-A0C3-416AA63E7A54}.Release|Any CPU.Build.0 = Release|Any CPU
		{FFA03E2C-2F06-4DA0-9F8C-275DD7A3992F}.Debug|Any CPU.ActiveCfg = Debug|Any CPU
		{FFA03E2C-2F06-4DA0-9F8C-275DD7A3992F}.Debug|Any CPU.Build.0 = Debug|Any CPU
		{FFA03E2C-2F06-4DA0-9F8C-275DD7A3992F}.Release|Any CPU.ActiveCfg = Release|Any CPU
		{FFA03E2C-2F06-4DA0-9F8C-275DD7A3992F}.Release|Any CPU.Build.0 = Release|Any CPU
		{7F530768-338C-4450-888F-39D4B43633CF}.Debug|Any CPU.ActiveCfg = Debug|Any CPU
		{7F530768-338C-4450-888F-39D4B43633CF}.Debug|Any CPU.Build.0 = Debug|Any CPU
		{7F530768-338C-4450-888F-39D4B43633CF}.Release|Any CPU.ActiveCfg = Release|Any CPU
		{7F530768-338C-4450-888F-39D4B43633CF}.Release|Any CPU.Build.0 = Release|Any CPU
		{A734CADF-E4AE-4AC9-9CFC-9E8C694BCFA3}.Debug|Any CPU.ActiveCfg = Debug|Any CPU
		{A734CADF-E4AE-4AC9-9CFC-9E8C694BCFA3}.Debug|Any CPU.Build.0 = Debug|Any CPU
		{A734CADF-E4AE-4AC9-9CFC-9E8C694BCFA3}.Release|Any CPU.ActiveCfg = Release|Any CPU
		{A734CADF-E4AE-4AC9-9CFC-9E8C694BCFA3}.Release|Any CPU.Build.0 = Release|Any CPU
		{29B53BD1-7B67-470F-86C9-64A813318FD0}.Debug|Any CPU.ActiveCfg = Debug|Any CPU
		{29B53BD1-7B67-470F-86C9-64A813318FD0}.Debug|Any CPU.Build.0 = Debug|Any CPU
		{29B53BD1-7B67-470F-86C9-64A813318FD0}.Release|Any CPU.ActiveCfg = Release|Any CPU
		{29B53BD1-7B67-470F-86C9-64A813318FD0}.Release|Any CPU.Build.0 = Release|Any CPU
		{BDA510A7-D675-48DA-A8F3-7AF4C28C1FA4}.Debug|Any CPU.ActiveCfg = Debug|Any CPU
		{BDA510A7-D675-48DA-A8F3-7AF4C28C1FA4}.Debug|Any CPU.Build.0 = Debug|Any CPU
		{BDA510A7-D675-48DA-A8F3-7AF4C28C1FA4}.Release|Any CPU.ActiveCfg = Release|Any CPU
		{BDA510A7-D675-48DA-A8F3-7AF4C28C1FA4}.Release|Any CPU.Build.0 = Release|Any CPU
	EndGlobalSection
	GlobalSection(SolutionProperties) = preSolution
		HideSolutionNode = FALSE
	EndGlobalSection
	GlobalSection(ExtensibilityGlobals) = postSolution
		SolutionGuid = {9FBB57BD-C680-4DBB-BA64-1ECD40543CBD}
	EndGlobalSection
EndGlobal
